
Microsoft Visual Studio Solution File, Format Version 12.00
# Visual Studio Version 16
VisualStudioVersion = 16.0.30320.27
MinimumVisualStudioVersion = 10.0.40219.1
Project("{FAE04EC0-301F-11D3-BF4B-00C04F79EFBC}") = "Multithreading_Sort", "Multithreading_Sort\Multithreading_Sort.csproj", "{492316E8-F005-4988-BD21-169D5C1A783B}"
EndProject
Global
	GlobalSection(SolutionConfigurationPlatforms) = preSolution
		Debug|Any CPU = Debug|Any CPU
		Release|Any CPU = Release|Any CPU
	EndGlobalSection
	GlobalSection(ProjectConfigurationPlatforms) = postSolution
		{492316E8-F005-4988-BD21-169D5C1A783B}.Debug|Any CPU.ActiveCfg = Debug|Any CPU
		{492316E8-F005-4988-BD21-169D5C1A783B}.Debug|Any CPU.Build.0 = Debug|Any CPU
		{492316E8-F005-4988-BD21-169D5C1A783B}.Release|Any CPU.ActiveCfg = Release|Any CPU
		{492316E8-F005-4988-BD21-169D5C1A783B}.Release|Any CPU.Build.0 = Release|Any CPU
	EndGlobalSection
	GlobalSection(SolutionProperties) = preSolution
		HideSolutionNode = FALSE
	EndGlobalSection
	GlobalSection(ExtensibilityGlobals) = postSolution
		SolutionGuid = {407DE742-5D1B-44F7-8D2D-FC34803A089E}
	EndGlobalSection
EndGlobal
